// !$*UTF8*$!
{
	archiveVersion = 1;
	classes = {
	};
	objectVersion = 50;
	objects = {

/* Begin PBXBuildFile section */
		413C681624160B0200399C44 /* AppDelegate.swift in Sources */ = {isa = PBXBuildFile; fileRef = 413C681524160B0200399C44 /* AppDelegate.swift */; };
		413C681824160B0200399C44 /* art.scnassets in Resources */ = {isa = PBXBuildFile; fileRef = 413C681724160B0200399C44 /* art.scnassets */; };
		413C681A24160B0200399C44 /* ViewController.swift in Sources */ = {isa = PBXBuildFile; fileRef = 413C681924160B0200399C44 /* ViewController.swift */; };
		413C681D24160B0200399C44 /* Main.storyboard in Resources */ = {isa = PBXBuildFile; fileRef = 413C681B24160B0200399C44 /* Main.storyboard */; };
		413C681F24160B0400399C44 /* Assets.xcassets in Resources */ = {isa = PBXBuildFile; fileRef = 413C681E24160B0400399C44 /* Assets.xcassets */; };
		413C682224160B0400399C44 /* LaunchScreen.storyboard in Resources */ = {isa = PBXBuildFile; fileRef = 413C682024160B0400399C44 /* LaunchScreen.storyboard */; };
		413C682A24160B5C00399C44 /* video.gif in Resources */ = {isa = PBXBuildFile; fileRef = 413C682924160B5C00399C44 /* video.gif */; };
		413C683224170D2000399C44 /* video.mp4 in Resources */ = {isa = PBXBuildFile; fileRef = 413C683124170D1F00399C44 /* video.mp4 */; };
		413C683424170DDB00399C44 /* particle.scnp in Resources */ = {isa = PBXBuildFile; fileRef = 413C683324170DDB00399C44 /* particle.scnp */; };
		413C6836241831F400399C44 /* MyParticle.sks in Resources */ = {isa = PBXBuildFile; fileRef = 413C6835241831F400399C44 /* MyParticle.sks */; };
/* End PBXBuildFile section */

/* Begin PBXFileReference section */
		413C681224160B0200399C44 /* markAR.app */ = {isa = PBXFileReference; explicitFileType = wrapper.application; includeInIndex = 0; path = markAR.app; sourceTree = BUILT_PRODUCTS_DIR; };
		413C681524160B0200399C44 /* AppDelegate.swift */ = {isa = PBXFileReference; lastKnownFileType = sourcecode.swift; path = AppDelegate.swift; sourceTree = "<group>"; };
		413C681724160B0200399C44 /* art.scnassets */ = {isa = PBXFileReference; lastKnownFileType = wrapper.scnassets; path = art.scnassets; sourceTree = "<group>"; };
		413C681924160B0200399C44 /* ViewController.swift */ = {isa = PBXFileReference; lastKnownFileType = sourcecode.swift; path = ViewController.swift; sourceTree = "<group>"; };
		413C681C24160B0200399C44 /* Base */ = {isa = PBXFileReference; lastKnownFileType = file.storyboard; name = Base; path = Base.lproj/Main.storyboard; sourceTree = "<group>"; };
		413C681E24160B0400399C44 /* Assets.xcassets */ = {isa = PBXFileReference; lastKnownFileType = folder.assetcatalog; path = Assets.xcassets; sourceTree = "<group>"; };
		413C682124160B0400399C44 /* Base */ = {isa = PBXFileReference; lastKnownFileType = file.storyboard; name = Base; path = Base.lproj/LaunchScreen.storyboard; sourceTree = "<group>"; };
		413C682324160B0400399C44 /* Info.plist */ = {isa = PBXFileReference; lastKnownFileType = text.plist.xml; path = Info.plist; sourceTree = "<group>"; };
		413C682924160B5C00399C44 /* video.gif */ = {isa = PBXFileReference; lastKnownFileType = image.gif; path = video.gif; sourceTree = "<group>"; };
		413C683124170D1F00399C44 /* video.mp4 */ = {isa = PBXFileReference; lastKnownFileType = file; path = video.mp4; sourceTree = "<group>"; };
		413C683324170DDB00399C44 /* particle.scnp */ = {isa = PBXFileReference; lastKnownFileType = file.scp; path = particle.scnp; sourceTree = "<group>"; };
		413C6835241831F400399C44 /* MyParticle.sks */ = {isa = PBXFileReference; lastKnownFileType = file.sks; path = MyParticle.sks; sourceTree = "<group>"; };
/* End PBXFileReference section */

/* Begin PBXFrameworksBuildPhase section */
		413C680F24160B0200399C44 /* Frameworks */ = {
			isa = PBXFrameworksBuildPhase;
			buildActionMask = 2147483647;
			files = (
			);
			runOnlyForDeploymentPostprocessing = 0;
		};
/* End PBXFrameworksBuildPhase section */

/* Begin PBXGroup section */
		413C680924160B0200399C44 = {
			isa = PBXGroup;
			children = (
				413C681424160B0200399C44 /* markAR */,
				413C681324160B0200399C44 /* Products */,
			);
			sourceTree = "<group>";
		};
		413C681324160B0200399C44 /* Products */ = {
			isa = PBXGroup;
			children = (
				413C681224160B0200399C44 /* markAR.app */,
			);
			name = Products;
			sourceTree = "<group>";
		};
		413C681424160B0200399C44 /* markAR */ = {
			isa = PBXGroup;
			children = (
				413C682924160B5C00399C44 /* video.gif */,
				413C683124170D1F00399C44 /* video.mp4 */,
				413C681524160B0200399C44 /* AppDelegate.swift */,
				413C681724160B0200399C44 /* art.scnassets */,
				413C681924160B0200399C44 /* ViewController.swift */,
				413C681B24160B0200399C44 /* Main.storyboard */,
				413C681E24160B0400399C44 /* Assets.xcassets */,
				413C682024160B0400399C44 /* LaunchScreen.storyboard */,
				413C682324160B0400399C44 /* Info.plist */,
				413C683324170DDB00399C44 /* particle.scnp */,
				413C6835241831F400399C44 /* MyParticle.sks */,
			);
			path = markAR;
			sourceTree = "<group>";
		};
/* End PBXGroup section */

/* Begin PBXNativeTarget section */
		413C681124160B0200399C44 /* markAR */ = {
			isa = PBXNativeTarget;
			buildConfigurationList = 413C682624160B0400399C44 /* Build configuration list for PBXNativeTarget "markAR" */;
			buildPhases = (
				413C680E24160B0200399C44 /* Sources */,
				413C680F24160B0200399C44 /* Frameworks */,
				413C681024160B0200399C44 /* Resources */,
			);
			buildRules = (
			);
			dependencies = (
			);
			name = markAR;
			productName = markAR;
			productReference = 413C681224160B0200399C44 /* markAR.app */;
			productType = "com.apple.product-type.application";
		};
/* End PBXNativeTarget section */

/* Begin PBXProject section */
		413C680A24160B0200399C44 /* Project object */ = {
			isa = PBXProject;
			attributes = {
				LastSwiftUpdateCheck = 1130;
				LastUpgradeCheck = 1130;
				ORGANIZATIONNAME = "Umer Shehzad Akhtar";
				TargetAttributes = {
					413C681124160B0200399C44 = {
						CreatedOnToolsVersion = 11.3.1;
					};
				};
			};
			buildConfigurationList = 413C680D24160B0200399C44 /* Build configuration list for PBXProject "markAR" */;
			compatibilityVersion = "Xcode 9.3";
			developmentRegion = en;
			hasScannedForEncodings = 0;
			knownRegions = (
				en,
				Base,
			);
			mainGroup = 413C680924160B0200399C44;
			productRefGroup = 413C681324160B0200399C44 /* Products */;
			projectDirPath = "";
			projectRoot = "";
			targets = (
				413C681124160B0200399C44 /* markAR */,
			);
		};
/* End PBXProject section */

/* Begin PBXResourcesBuildPhase section */
		413C681024160B0200399C44 /* Resources */ = {
			isa = PBXResourcesBuildPhase;
			buildActionMask = 2147483647;
			files = (
				413C681824160B0200399C44 /* art.scnassets in Resources */,
				413C683424170DDB00399C44 /* particle.scnp in Resources */,
				413C682A24160B5C00399C44 /* video.gif in Resources */,
				413C682224160B0400399C44 /* LaunchScreen.storyboard in Resources */,
				413C681F24160B0400399C44 /* Assets.xcassets in Resources */,
				413C681D24160B0200399C44 /* Main.storyboard in Resources */,
				413C683224170D2000399C44 /* video.mp4 in Resources */,
				413C6836241831F400399C44 /* MyParticle.sks in Resources */,
			);
			runOnlyForDeploymentPostprocessing = 0;
		};
/* End PBXResourcesBuildPhase section */

/* Begin PBXSourcesBuildPhase section */
		413C680E24160B0200399C44 /* Sources */ = {
			isa = PBXSourcesBuildPhase;
			buildActionMask = 2147483647;
			files = (
				413C681A24160B0200399C44 /* ViewController.swift in Sources */,
				413C681624160B0200399C44 /* AppDelegate.swift in Sources */,
			);
			runOnlyForDeploymentPostprocessing = 0;
		};
/* End PBXSourcesBuildPhase section */

/* Begin PBXVariantGroup section */
		413C681B24160B0200399C44 /* Main.storyboard */ = {
			isa = PBXVariantGroup;
			children = (
				413C681C24160B0200399C44 /* Base */,
			);
			name = Main.storyboard;
			sourceTree = "<group>";
		};
		413C682024160B0400399C44 /* LaunchScreen.storyboard */ = {
			isa = PBXVariantGroup;
			children = (
				413C682124160B0400399C44 /* Base */,
			);
			name = LaunchScreen.storyboard;
			sourceTree = "<group>";
		};
/* End PBXVariantGroup section */

/* Begin XCBuildConfiguration section */
		413C682424160B0400399C44 /* Debug */ = {
			isa = XCBuildConfiguration;
			buildSettings = {
				ALWAYS_SEARCH_USER_PATHS = NO;
				CLANG_ANALYZER_NONNULL = YES;
				CLANG_ANALYZER_NUMBER_OBJECT_CONVERSION = YES_AGGRESSIVE;
				CLANG_CXX_LANGUAGE_STANDARD = "gnu++14";
				CLANG_CXX_LIBRARY = "libc++";
				CLANG_ENABLE_MODULES = YES;
				CLANG_ENABLE_OBJC_ARC = YES;
				CLANG_ENABLE_OBJC_WEAK = YES;
				CLANG_WARN_BLOCK_CAPTURE_AUTORELEASING = YES;
				CLANG_WARN_BOOL_CONVERSION = YES;
				CLANG_WARN_COMMA = YES;
				CLANG_WARN_CONSTANT_CONVERSION = YES;
				CLANG_WARN_DEPRECATED_OBJC_IMPLEMENTATIONS = YES;
				CLANG_WARN_DIRECT_OBJC_ISA_USAGE = YES_ERROR;
				CLANG_WARN_DOCUMENTATION_COMMENTS = YES;
				CLANG_WARN_EMPTY_BODY = YES;
				CLANG_WARN_ENUM_CONVERSION = YES;
				CLANG_WARN_INFINITE_RECURSION = YES;
				CLANG_WARN_INT_CONVERSION = YES;
				CLANG_WARN_NON_LITERAL_NULL_CONVERSION = YES;
				CLANG_WARN_OBJC_IMPLICIT_RETAIN_SELF = YES;
				CLANG_WARN_OBJC_LITERAL_CONVERSION = YES;
				CLANG_WARN_OBJC_ROOT_CLASS = YES_ERROR;
				CLANG_WARN_RANGE_LOOP_ANALYSIS = YES;
				CLANG_WARN_STRICT_PROTOTYPES = YES;
				CLANG_WARN_SUSPICIOUS_MOVE = YES;
				CLANG_WARN_UNGUARDED_AVAILABILITY = YES_AGGRESSIVE;
				CLANG_WARN_UNREACHABLE_CODE = YES;
				CLANG_WARN__DUPLICATE_METHOD_MATCH = YES;
				COPY_PHASE_STRIP = NO;
				DEBUG_INFORMATION_FORMAT = dwarf;
				ENABLE_STRICT_OBJC_MSGSEND = YES;
				ENABLE_TESTABILITY = YES;
				GCC_C_LANGUAGE_STANDARD = gnu11;
				GCC_DYNAMIC_NO_PIC = NO;
				GCC_NO_COMMON_BLOCKS = YES;
				GCC_OPTIMIZATION_LEVEL = 0;
				GCC_PREPROCESSOR_DEFINITIONS = (
					"DEBUG=1",
					"$(inherited)",
				);
				GCC_WARN_64_TO_32_BIT_CONVERSION = YES;
				GCC_WARN_ABOUT_RETURN_TYPE = YES_ERROR;
				GCC_WARN_UNDECLARED_SELECTOR = YES;
				GCC_WARN_UNINITIALIZED_AUTOS = YES_AGGRESSIVE;
				GCC_WARN_UNUSED_FUNCTION = YES;
				GCC_WARN_UNUSED_VARIABLE = YES;
				IPHONEOS_DEPLOYMENT_TARGET = 13.2;
				MTL_ENABLE_DEBUG_INFO = INCLUDE_SOURCE;
				MTL_FAST_MATH = YES;
				ONLY_ACTIVE_ARCH = YES;
				SDKROOT = iphoneos;
				SWIFT_ACTIVE_COMPILATION_CONDITIONS = DEBUG;
				SWIFT_OPTIMIZATION_LEVEL = "-Onone";
			};
			name = Debug;
		};
		413C682524160B0400399C44 /* Release */ = {
			isa = XCBuildConfiguration;
			buildSettings = {
				ALWAYS_SEARCH_USER_PATHS = NO;
				CLANG_ANALYZER_NONNULL = YES;
				CLANG_ANALYZER_NUMBER_OBJECT_CONVERSION = YES_AGGRESSIVE;
				CLANG_CXX_LANGUAGE_STANDARD = "gnu++14";
				CLANG_CXX_LIBRARY = "libc++";
				CLANG_ENABLE_MODULES = YES;
				CLANG_ENABLE_OBJC_ARC = YES;
				CLANG_ENABLE_OBJC_WEAK = YES;
				CLANG_WARN_BLOCK_CAPTURE_AUTORELEASING = YES;
				CLANG_WARN_BOOL_CONVERSION = YES;
				CLANG_WARN_COMMA = YES;
				CLANG_WARN_CONSTANT_CONVERSION = YES;
				CLANG_WARN_DEPRECATED_OBJC_IMPLEMENTATIONS = YES;
				CLANG_WARN_DIRECT_OBJC_ISA_USAGE = YES_ERROR;
				CLANG_WARN_DOCUMENTATION_COMMENTS = YES;
				CLANG_WARN_EMPTY_BODY = YES;
				CLANG_WARN_ENUM_CONVERSION = YES;
				CLANG_WARN_INFINITE_RECURSION = YES;
				CLANG_WARN_INT_CONVERSION = YES;
				CLANG_WARN_NON_LITERAL_NULL_CONVERSION = YES;
				CLANG_WARN_OBJC_IMPLICIT_RETAIN_SELF = YES;
				CLANG_WARN_OBJC_LITERAL_CONVERSION = YES;
				CLANG_WARN_OBJC_ROOT_CLASS = YES_ERROR;
				CLANG_WARN_RANGE_LOOP_ANALYSIS = YES;
				CLANG_WARN_STRICT_PROTOTYPES = YES;
				CLANG_WARN_SUSPICIOUS_MOVE = YES;
				CLANG_WARN_UNGUARDED_AVAILABILITY = YES_AGGRESSIVE;
				CLANG_WARN_UNREACHABLE_CODE = YES;
				CLANG_WARN__DUPLICATE_METHOD_MATCH = YES;
				COPY_PHASE_STRIP = NO;
				DEBUG_INFORMATION_FORMAT = "dwarf-with-dsym";
				ENABLE_NS_ASSERTIONS = NO;
				ENABLE_STRICT_OBJC_MSGSEND = YES;
				GCC_C_LANGUAGE_STANDARD = gnu11;
				GCC_NO_COMMON_BLOCKS = YES;
				GCC_WARN_64_TO_32_BIT_CONVERSION = YES;
				GCC_WARN_ABOUT_RETURN_TYPE = YES_ERROR;
				GCC_WARN_UNDECLARED_SELECTOR = YES;
				GCC_WARN_UNINITIALIZED_AUTOS = YES_AGGRESSIVE;
				GCC_WARN_UNUSED_FUNCTION = YES;
				GCC_WARN_UNUSED_VARIABLE = YES;
				IPHONEOS_DEPLOYMENT_TARGET = 13.2;
				MTL_ENABLE_DEBUG_INFO = NO;
				MTL_FAST_MATH = YES;
				SDKROOT = iphoneos;
				SWIFT_COMPILATION_MODE = wholemodule;
				SWIFT_OPTIMIZATION_LEVEL = "-O";
				VALIDATE_PRODUCT = YES;
			};
			name = Release;
		};
		413C682724160B0400399C44 /* Debug */ = {
			isa = XCBuildConfiguration;
			buildSettings = {
				ASSETCATALOG_COMPILER_APPICON_NAME = AppIcon;
				CODE_SIGN_STYLE = Automatic;
				DEVELOPMENT_TEAM = K27VL4Z8YQ;
				INFOPLIST_FILE = markAR/Info.plist;
				LD_RUNPATH_SEARCH_PATHS = (
					"$(inherited)",
					"@executable_path/Frameworks",
				);
				PRODUCT_BUNDLE_IDENTIFIER = com.umer.markAR;
				PRODUCT_NAME = "$(TARGET_NAME)";
				SWIFT_VERSION = 5.0;
				TARGETED_DEVICE_FAMILY = "1,2";
			};
			name = Debug;
		};
		413C682824160B0400399C44 /* Release */ = {
			isa = XCBuildConfiguration;
			buildSettings = {
				ASSETCATALOG_COMPILER_APPICON_NAME = AppIcon;
				CODE_SIGN_STYLE = Automatic;
				DEVELOPMENT_TEAM = K27VL4Z8YQ;
				INFOPLIST_FILE = markAR/Info.plist;
				LD_RUNPATH_SEARCH_PATHS = (
					"$(inherited)",
					"@executable_path/Frameworks",
				);
				PRODUCT_BUNDLE_IDENTIFIER = com.umer.markAR;
				PRODUCT_NAME = "$(TARGET_NAME)";
				SWIFT_VERSION = 5.0;
				TARGETED_DEVICE_FAMILY = "1,2";
			};
			name = Release;
		};
/* End XCBuildConfiguration section */

/* Begin XCConfigurationList section */
		413C680D24160B0200399C44 /* Build configuration list for PBXProject "markAR" */ = {
			isa = XCConfigurationList;
			buildConfigurations = (
				413C682424160B0400399C44 /* Debug */,
				413C682524160B0400399C44 /* Release */,
			);
			defaultConfigurationIsVisible = 0;
			defaultConfigurationName = Release;
		};
		413C682624160B0400399C44 /* Build configuration list for PBXNativeTarget "markAR" */ = {
			isa = XCConfigurationList;
			buildConfigurations = (
				413C682724160B0400399C44 /* Debug */,
				413C682824160B0400399C44 /* Release */,
			);
			defaultConfigurationIsVisible = 0;
			defaultConfigurationName = Release;
		};
/* End XCConfigurationList section */
	};
	rootObject = 413C680A24160B0200399C44 /* Project object */;
}
